
Microsoft Visual Studio Solution File, Format Version 12.00
# Visual Studio Version 16
VisualStudioVersion = 16.0.32228.343
MinimumVisualStudioVersion = 10.0.40219.1
Project("{9A19103F-16F7-4668-BE54-9A1E7A4F7556}") = "KillTeam.Library", "KillTeam.Library\KillTeam.Library.csproj", "{B63DCA32-2785-4FE0-8890-78F444C87C99}"
EndProject
Project("{9A19103F-16F7-4668-BE54-9A1E7A4F7556}") = "KillTeam.WebRazor", "KillTeam.WebRazor\KillTeam.WebRazor.csproj", "{DB99FF14-527E-498E-8690-8A3D44F74D0F}"
EndProject
Project("{9A19103F-16F7-4668-BE54-9A1E7A4F7556}") = "TheCoderForge.Identity", "TheCoderForge.Identity\TheCoderForge.Identity.csproj", "{5637DDBC-3C34-4A2F-86BC-903C2ACE988B}"
EndProject
Project("{2150E333-8FDC-42A3-9474-1A3956D46DE8}") = "Solution Items", "Solution Items", "{7FC151A8-BFEA-4A5C-AEB6-6D814D97E521}"
	ProjectSection(SolutionItems) = preProject
		remove-identity-data.sql = remove-identity-data.sql
		remove-identity-tables.sql = remove-identity-tables.sql
	EndProjectSection
EndProject
Project("{9A19103F-16F7-4668-BE54-9A1E7A4F7556}") = "KillTeam.Web", "KillTeam.Web\KillTeam.Web.csproj", "{3396BE4C-299E-4857-A033-0F4BB6D39778}"
EndProject
Global
	GlobalSection(SolutionConfigurationPlatforms) = preSolution
		Debug|Any CPU = Debug|Any CPU
		Release|Any CPU = Release|Any CPU
	EndGlobalSection
	GlobalSection(ProjectConfigurationPlatforms) = postSolution
		{B63DCA32-2785-4FE0-8890-78F444C87C99}.Debug|Any CPU.ActiveCfg = Debug|Any CPU
		{B63DCA32-2785-4FE0-8890-78F444C87C99}.Debug|Any CPU.Build.0 = Debug|Any CPU
		{B63DCA32-2785-4FE0-8890-78F444C87C99}.Release|Any CPU.ActiveCfg = Release|Any CPU
		{B63DCA32-2785-4FE0-8890-78F444C87C99}.Release|Any CPU.Build.0 = Release|Any CPU
		{DB99FF14-527E-498E-8690-8A3D44F74D0F}.Debug|Any CPU.ActiveCfg = Debug|Any CPU
		{DB99FF14-527E-498E-8690-8A3D44F74D0F}.Debug|Any CPU.Build.0 = Debug|Any CPU
		{DB99FF14-527E-498E-8690-8A3D44F74D0F}.Release|Any CPU.ActiveCfg = Release|Any CPU
		{DB99FF14-527E-498E-8690-8A3D44F74D0F}.Release|Any CPU.Build.0 = Release|Any CPU
		{5637DDBC-3C34-4A2F-86BC-903C2ACE988B}.Debug|Any CPU.ActiveCfg = Debug|Any CPU
		{5637DDBC-3C34-4A2F-86BC-903C2ACE988B}.Debug|Any CPU.Build.0 = Debug|Any CPU
		{5637DDBC-3C34-4A2F-86BC-903C2ACE988B}.Release|Any CPU.ActiveCfg = Release|Any CPU
		{5637DDBC-3C34-4A2F-86BC-903C2ACE988B}.Release|Any CPU.Build.0 = Release|Any CPU
		{3396BE4C-299E-4857-A033-0F4BB6D39778}.Debug|Any CPU.ActiveCfg = Debug|Any CPU
		{3396BE4C-299E-4857-A033-0F4BB6D39778}.Debug|Any CPU.Build.0 = Debug|Any CPU
		{3396BE4C-299E-4857-A033-0F4BB6D39778}.Release|Any CPU.ActiveCfg = Release|Any CPU
		{3396BE4C-299E-4857-A033-0F4BB6D39778}.Release|Any CPU.Build.0 = Release|Any CPU
	EndGlobalSection
	GlobalSection(SolutionProperties) = preSolution
		HideSolutionNode = FALSE
	EndGlobalSection
	GlobalSection(ExtensibilityGlobals) = postSolution
		SolutionGuid = {872799D9-577C-4C65-8491-E247CBA53BB5}
	EndGlobalSection
EndGlobal
